// !$*UTF8*$!
{
	archiveVersion = 1;
	classes = {
	};
	objectVersion = 46;
	objects = {

/* Begin PBXBuildFile section */
		105E18F81B6A27BF00A4255A /* AppDelegate.swift in Sources */ = {isa = PBXBuildFile; fileRef = 105E18F71B6A27BF00A4255A /* AppDelegate.swift */; };
		105E18FB1B6A27BF00A4255A /* BACCDemo.xcdatamodeld in Sources */ = {isa = PBXBuildFile; fileRef = 105E18F91B6A27BF00A4255A /* BACCDemo.xcdatamodeld */; };
		105E18FD1B6A27BF00A4255A /* ViewController.swift in Sources */ = {isa = PBXBuildFile; fileRef = 105E18FC1B6A27BF00A4255A /* ViewController.swift */; };
		105E19001B6A27BF00A4255A /* Main.storyboard in Resources */ = {isa = PBXBuildFile; fileRef = 105E18FE1B6A27BF00A4255A /* Main.storyboard */; };
		105E19021B6A27BF00A4255A /* Images.xcassets in Resources */ = {isa = PBXBuildFile; fileRef = 105E19011B6A27BF00A4255A /* Images.xcassets */; };
		105E19051B6A27BF00A4255A /* LaunchScreen.xib in Resources */ = {isa = PBXBuildFile; fileRef = 105E19031B6A27BF00A4255A /* LaunchScreen.xib */; };
		105E19111B6A27C000A4255A /* BACCDemoTests.swift in Sources */ = {isa = PBXBuildFile; fileRef = 105E19101B6A27C000A4255A /* BACCDemoTests.swift */; };
		1066C3771BA6EE6900FEE98E /* Bolts.framework in Frameworks */ = {isa = PBXBuildFile; fileRef = 1066C3761BA6EE6900FEE98E /* Bolts.framework */; };
		1066C3791BA6EE8000FEE98E /* Parse.framework in Frameworks */ = {isa = PBXBuildFile; fileRef = 1066C3781BA6EE8000FEE98E /* Parse.framework */; };
		10F286E51B7AB1C500C439CF /* AudioToolbox.framework in Frameworks */ = {isa = PBXBuildFile; fileRef = 10F286E41B7AB1C500C439CF /* AudioToolbox.framework */; };
		10F286E71B7AB1D200C439CF /* CFNetwork.framework in Frameworks */ = {isa = PBXBuildFile; fileRef = 10F286E61B7AB1D200C439CF /* CFNetwork.framework */; };
		10F286F31B7AB24500C439CF /* CoreGraphics.framework in Frameworks */ = {isa = PBXBuildFile; fileRef = 10F286F21B7AB24500C439CF /* CoreGraphics.framework */; };
		10F286F51B7AB25400C439CF /* QuartzCore.framework in Frameworks */ = {isa = PBXBuildFile; fileRef = 10F286F41B7AB25400C439CF /* QuartzCore.framework */; };
		10F286F71B7AB25C00C439CF /* Security.framework in Frameworks */ = {isa = PBXBuildFile; fileRef = 10F286F61B7AB25C00C439CF /* Security.framework */; };
		10F286F91B7AB26400C439CF /* StoreKit.framework in Frameworks */ = {isa = PBXBuildFile; fileRef = 10F286F81B7AB26400C439CF /* StoreKit.framework */; };
		10F286FB1B7AB26D00C439CF /* SystemConfiguration.framework in Frameworks */ = {isa = PBXBuildFile; fileRef = 10F286FA1B7AB26D00C439CF /* SystemConfiguration.framework */; };
		10F286FD1B7AB27600C439CF /* libz.dylib in Frameworks */ = {isa = PBXBuildFile; fileRef = 10F286FC1B7AB27600C439CF /* libz.dylib */; };
		10F286FF1B7AB27F00C439CF /* libsqlite3.dylib in Frameworks */ = {isa = PBXBuildFile; fileRef = 10F286FE1B7AB27F00C439CF /* libsqlite3.dylib */; };
		10F2870A1B7B55F700C439CF /* LoginViewController.swift in Sources */ = {isa = PBXBuildFile; fileRef = 10F287091B7B55F700C439CF /* LoginViewController.swift */; };
		10F772451B72222700D7184F /* CoreLocation.framework in Frameworks */ = {isa = PBXBuildFile; fileRef = 10F772441B72222700D7184F /* CoreLocation.framework */; };
		10F772481B7378EF00D7184F /* rider.png in Resources */ = {isa = PBXBuildFile; fileRef = 10F772461B7378EF00D7184F /* rider.png */; };
		10F772491B7378EF00D7184F /* steering wheel.png in Resources */ = {isa = PBXBuildFile; fileRef = 10F772471B7378EF00D7184F /* steering wheel.png */; };
		10F9A1E21BA11F8F00D9FF4B /* RouteViewController.swift in Sources */ = {isa = PBXBuildFile; fileRef = 10F9A1E11BA11F8F00D9FF4B /* RouteViewController.swift */; };
		10F9A1E41BA3414300D9FF4B /* PickerViewController.swift in Sources */ = {isa = PBXBuildFile; fileRef = 10F9A1E31BA3414200D9FF4B /* PickerViewController.swift */; };
/* End PBXBuildFile section */

/* Begin PBXContainerItemProxy section */
		105E190B1B6A27C000A4255A /* PBXContainerItemProxy */ = {
			isa = PBXContainerItemProxy;
			containerPortal = 105E18EA1B6A27BF00A4255A /* Project object */;
			proxyType = 1;
			remoteGlobalIDString = 105E18F11B6A27BF00A4255A;
			remoteInfo = BACCDemo;
		};
/* End PBXContainerItemProxy section */

/* Begin PBXFileReference section */
		105E18F21B6A27BF00A4255A /* BACCDemo.app */ = {isa = PBXFileReference; explicitFileType = wrapper.application; includeInIndex = 0; path = BACCDemo.app; sourceTree = BUILT_PRODUCTS_DIR; };
		105E18F61B6A27BF00A4255A /* Info.plist */ = {isa = PBXFileReference; lastKnownFileType = text.plist.xml; path = Info.plist; sourceTree = "<group>"; };
		105E18F71B6A27BF00A4255A /* AppDelegate.swift */ = {isa = PBXFileReference; lastKnownFileType = sourcecode.swift; path = AppDelegate.swift; sourceTree = "<group>"; };
		105E18FA1B6A27BF00A4255A /* BACCDemo.xcdatamodel */ = {isa = PBXFileReference; lastKnownFileType = wrapper.xcdatamodel; path = BACCDemo.xcdatamodel; sourceTree = "<group>"; };
		105E18FC1B6A27BF00A4255A /* ViewController.swift */ = {isa = PBXFileReference; lastKnownFileType = sourcecode.swift; path = ViewController.swift; sourceTree = "<group>"; };
		105E18FF1B6A27BF00A4255A /* Base */ = {isa = PBXFileReference; lastKnownFileType = file.storyboard; name = Base; path = Base.lproj/Main.storyboard; sourceTree = "<group>"; };
		105E19011B6A27BF00A4255A /* Images.xcassets */ = {isa = PBXFileReference; lastKnownFileType = folder.assetcatalog; path = Images.xcassets; sourceTree = "<group>"; };
		105E19041B6A27BF00A4255A /* Base */ = {isa = PBXFileReference; lastKnownFileType = file.xib; name = Base; path = Base.lproj/LaunchScreen.xib; sourceTree = "<group>"; };
		105E190A1B6A27C000A4255A /* BACCDemoTests.xctest */ = {isa = PBXFileReference; explicitFileType = wrapper.cfbundle; includeInIndex = 0; path = BACCDemoTests.xctest; sourceTree = BUILT_PRODUCTS_DIR; };
		105E190F1B6A27C000A4255A /* Info.plist */ = {isa = PBXFileReference; lastKnownFileType = text.plist.xml; path = Info.plist; sourceTree = "<group>"; };
		105E19101B6A27C000A4255A /* BACCDemoTests.swift */ = {isa = PBXFileReference; lastKnownFileType = sourcecode.swift; path = BACCDemoTests.swift; sourceTree = "<group>"; };
		1066C3761BA6EE6900FEE98E /* Bolts.framework */ = {isa = PBXFileReference; lastKnownFileType = wrapper.framework; path = Bolts.framework; sourceTree = "<group>"; };
		1066C3781BA6EE8000FEE98E /* Parse.framework */ = {isa = PBXFileReference; lastKnownFileType = wrapper.framework; path = Parse.framework; sourceTree = "<group>"; };
		10F286E41B7AB1C500C439CF /* AudioToolbox.framework */ = {isa = PBXFileReference; lastKnownFileType = wrapper.framework; name = AudioToolbox.framework; path = System/Library/Frameworks/AudioToolbox.framework; sourceTree = SDKROOT; };
		10F286E61B7AB1D200C439CF /* CFNetwork.framework */ = {isa = PBXFileReference; lastKnownFileType = wrapper.framework; name = CFNetwork.framework; path = System/Library/Frameworks/CFNetwork.framework; sourceTree = SDKROOT; };
		10F286E81B7AB21800C439CF /* AudioUnit.framework */ = {isa = PBXFileReference; lastKnownFileType = wrapper.framework; name = AudioUnit.framework; path = System/Library/Frameworks/AudioUnit.framework; sourceTree = SDKROOT; };
		10F286E91B7AB21800C439CF /* AVFoundation.framework */ = {isa = PBXFileReference; lastKnownFileType = wrapper.framework; name = AVFoundation.framework; path = System/Library/Frameworks/AVFoundation.framework; sourceTree = SDKROOT; };
		10F286EA1B7AB21800C439CF /* AVKit.framework */ = {isa = PBXFileReference; lastKnownFileType = wrapper.framework; name = AVKit.framework; path = System/Library/Frameworks/AVKit.framework; sourceTree = SDKROOT; };
		10F286EB1B7AB21800C439CF /* bundle1.o */ = {isa = PBXFileReference; lastKnownFileType = "compiled.mach-o.objfile"; name = bundle1.o; path = usr/lib/bundle1.o; sourceTree = SDKROOT; };
		10F286EC1B7AB21800C439CF /* CarrierBundleUtilities.dylib */ = {isa = PBXFileReference; lastKnownFileType = "compiled.mach-o.dylib"; name = CarrierBundleUtilities.dylib; path = usr/lib/CarrierBundleUtilities.dylib; sourceTree = SDKROOT; };
		10F286F21B7AB24500C439CF /* CoreGraphics.framework */ = {isa = PBXFileReference; lastKnownFileType = wrapper.framework; name = CoreGraphics.framework; path = System/Library/Frameworks/CoreGraphics.framework; sourceTree = SDKROOT; };
		10F286F41B7AB25400C439CF /* QuartzCore.framework */ = {isa = PBXFileReference; lastKnownFileType = wrapper.framework; name = QuartzCore.framework; path = System/Library/Frameworks/QuartzCore.framework; sourceTree = SDKROOT; };
		10F286F61B7AB25C00C439CF /* Security.framework */ = {isa = PBXFileReference; lastKnownFileType = wrapper.framework; name = Security.framework; path = System/Library/Frameworks/Security.framework; sourceTree = SDKROOT; };
		10F286F81B7AB26400C439CF /* StoreKit.framework */ = {isa = PBXFileReference; lastKnownFileType = wrapper.framework; name = StoreKit.framework; path = System/Library/Frameworks/StoreKit.framework; sourceTree = SDKROOT; };
		10F286FA1B7AB26D00C439CF /* SystemConfiguration.framework */ = {isa = PBXFileReference; lastKnownFileType = wrapper.framework; name = SystemConfiguration.framework; path = System/Library/Frameworks/SystemConfiguration.framework; sourceTree = SDKROOT; };
		10F286FC1B7AB27600C439CF /* libz.dylib */ = {isa = PBXFileReference; lastKnownFileType = "compiled.mach-o.dylib"; name = libz.dylib; path = usr/lib/libz.dylib; sourceTree = SDKROOT; };
		10F286FE1B7AB27F00C439CF /* libsqlite3.dylib */ = {isa = PBXFileReference; lastKnownFileType = "compiled.mach-o.dylib"; name = libsqlite3.dylib; path = usr/lib/libsqlite3.dylib; sourceTree = SDKROOT; };
		10F287091B7B55F700C439CF /* LoginViewController.swift */ = {isa = PBXFileReference; fileEncoding = 4; lastKnownFileType = sourcecode.swift; path = LoginViewController.swift; sourceTree = "<group>"; };
		10F772441B72222700D7184F /* CoreLocation.framework */ = {isa = PBXFileReference; lastKnownFileType = wrapper.framework; name = CoreLocation.framework; path = System/Library/Frameworks/CoreLocation.framework; sourceTree = SDKROOT; };
		10F772461B7378EF00D7184F /* rider.png */ = {isa = PBXFileReference; lastKnownFileType = image.png; name = rider.png; path = ../rider.png; sourceTree = "<group>"; };
		10F772471B7378EF00D7184F /* steering wheel.png */ = {isa = PBXFileReference; lastKnownFileType = image.png; name = "steering wheel.png"; path = "../steering wheel.png"; sourceTree = "<group>"; };
		10F9A1E11BA11F8F00D9FF4B /* RouteViewController.swift */ = {isa = PBXFileReference; fileEncoding = 4; lastKnownFileType = sourcecode.swift; path = RouteViewController.swift; sourceTree = "<group>"; };
		10F9A1E31BA3414200D9FF4B /* PickerViewController.swift */ = {isa = PBXFileReference; fileEncoding = 4; lastKnownFileType = sourcecode.swift; path = PickerViewController.swift; sourceTree = "<group>"; };
/* End PBXFileReference section */

/* Begin PBXFrameworksBuildPhase section */
		105E18EF1B6A27BF00A4255A /* Frameworks */ = {
			isa = PBXFrameworksBuildPhase;
			buildActionMask = 2147483647;
			files = (
				10F286FF1B7AB27F00C439CF /* libsqlite3.dylib in Frameworks */,
				10F286FD1B7AB27600C439CF /* libz.dylib in Frameworks */,
				10F286FB1B7AB26D00C439CF /* SystemConfiguration.framework in Frameworks */,
				10F286F91B7AB26400C439CF /* StoreKit.framework in Frameworks */,
				10F286F71B7AB25C00C439CF /* Security.framework in Frameworks */,
				10F286F51B7AB25400C439CF /* QuartzCore.framework in Frameworks */,
				10F286F31B7AB24500C439CF /* CoreGraphics.framework in Frameworks */,
				10F286E51B7AB1C500C439CF /* AudioToolbox.framework in Frameworks */,
				1066C3771BA6EE6900FEE98E /* Bolts.framework in Frameworks */,
				10F286E71B7AB1D200C439CF /* CFNetwork.framework in Frameworks */,
				1066C3791BA6EE8000FEE98E /* Parse.framework in Frameworks */,
				10F772451B72222700D7184F /* CoreLocation.framework in Frameworks */,
			);
			runOnlyForDeploymentPostprocessing = 0;
		};
		105E19071B6A27C000A4255A /* Frameworks */ = {
			isa = PBXFrameworksBuildPhase;
			buildActionMask = 2147483647;
			files = (
			);
			runOnlyForDeploymentPostprocessing = 0;
		};
/* End PBXFrameworksBuildPhase section */

/* Begin PBXGroup section */
		105E18E91B6A27BF00A4255A = {
			isa = PBXGroup;
			children = (
				10F287021B7AB58A00C439CF /* Libraries */,
				10F287011B7AB56300C439CF /* Frameworks */,
				10F286EB1B7AB21800C439CF /* bundle1.o */,
				105E18F41B6A27BF00A4255A /* BACCDemo */,
				105E190D1B6A27C000A4255A /* BACCDemoTests */,
				105E18F31B6A27BF00A4255A /* Products */,
			);
			sourceTree = "<group>";
		};
		105E18F31B6A27BF00A4255A /* Products */ = {
			isa = PBXGroup;
			children = (
				105E18F21B6A27BF00A4255A /* BACCDemo.app */,
				105E190A1B6A27C000A4255A /* BACCDemoTests.xctest */,
			);
			name = Products;
			sourceTree = "<group>";
		};
		105E18F41B6A27BF00A4255A /* BACCDemo */ = {
			isa = PBXGroup;
			children = (
				105E18F71B6A27BF00A4255A /* AppDelegate.swift */,
				105E18FC1B6A27BF00A4255A /* ViewController.swift */,
				105E18FE1B6A27BF00A4255A /* Main.storyboard */,
				10F9A1E31BA3414200D9FF4B /* PickerViewController.swift */,
				10F9A1E11BA11F8F00D9FF4B /* RouteViewController.swift */,
				10F287091B7B55F700C439CF /* LoginViewController.swift */,
				105E19011B6A27BF00A4255A /* Images.xcassets */,
				105E19031B6A27BF00A4255A /* LaunchScreen.xib */,
				105E18F91B6A27BF00A4255A /* BACCDemo.xcdatamodeld */,
				105E18F51B6A27BF00A4255A /* Supporting Files */,
			);
			path = BACCDemo;
			sourceTree = "<group>";
		};
		105E18F51B6A27BF00A4255A /* Supporting Files */ = {
			isa = PBXGroup;
			children = (
				10F772471B7378EF00D7184F /* steering wheel.png */,
				10F772461B7378EF00D7184F /* rider.png */,
				105E18F61B6A27BF00A4255A /* Info.plist */,
			);
			name = "Supporting Files";
			sourceTree = "<group>";
		};
		105E190D1B6A27C000A4255A /* BACCDemoTests */ = {
			isa = PBXGroup;
			children = (
				105E19101B6A27C000A4255A /* BACCDemoTests.swift */,
				105E190E1B6A27C000A4255A /* Supporting Files */,
			);
			path = BACCDemoTests;
			sourceTree = "<group>";
		};
		105E190E1B6A27C000A4255A /* Supporting Files */ = {
			isa = PBXGroup;
			children = (
				105E190F1B6A27C000A4255A /* Info.plist */,
			);
			name = "Supporting Files";
			sourceTree = "<group>";
		};
		10F287011B7AB56300C439CF /* Frameworks */ = {
			isa = PBXGroup;
			children = (
				1066C3781BA6EE8000FEE98E /* Parse.framework */,
				1066C3761BA6EE6900FEE98E /* Bolts.framework */,
				10F286E61B7AB1D200C439CF /* CFNetwork.framework */,
				10F286E41B7AB1C500C439CF /* AudioToolbox.framework */,
				10F772441B72222700D7184F /* CoreLocation.framework */,
				10F286FA1B7AB26D00C439CF /* SystemConfiguration.framework */,
				10F286F81B7AB26400C439CF /* StoreKit.framework */,
				10F286F61B7AB25C00C439CF /* Security.framework */,
				10F286F41B7AB25400C439CF /* QuartzCore.framework */,
				10F286F21B7AB24500C439CF /* CoreGraphics.framework */,
				10F286E81B7AB21800C439CF /* AudioUnit.framework */,
				10F286E91B7AB21800C439CF /* AVFoundation.framework */,
				10F286EA1B7AB21800C439CF /* AVKit.framework */,
			);
			name = Frameworks;
			sourceTree = "<group>";
		};
		10F287021B7AB58A00C439CF /* Libraries */ = {
			isa = PBXGroup;
			children = (
				10F286EC1B7AB21800C439CF /* CarrierBundleUtilities.dylib */,
				10F286FE1B7AB27F00C439CF /* libsqlite3.dylib */,
				10F286FC1B7AB27600C439CF /* libz.dylib */,
			);
			name = Libraries;
			sourceTree = "<group>";
		};
/* End PBXGroup section */

/* Begin PBXNativeTarget section */
		105E18F11B6A27BF00A4255A /* BACCDemo */ = {
			isa = PBXNativeTarget;
			buildConfigurationList = 105E19141B6A27C000A4255A /* Build configuration list for PBXNativeTarget "BACCDemo" */;
			buildPhases = (
				105E18EE1B6A27BF00A4255A /* Sources */,
				105E18EF1B6A27BF00A4255A /* Frameworks */,
				105E18F01B6A27BF00A4255A /* Resources */,
			);
			buildRules = (
			);
			dependencies = (
			);
			name = BACCDemo;
			productName = BACCDemo;
			productReference = 105E18F21B6A27BF00A4255A /* BACCDemo.app */;
			productType = "com.apple.product-type.application";
		};
		105E19091B6A27C000A4255A /* BACCDemoTests */ = {
			isa = PBXNativeTarget;
			buildConfigurationList = 105E19171B6A27C000A4255A /* Build configuration list for PBXNativeTarget "BACCDemoTests" */;
			buildPhases = (
				105E19061B6A27C000A4255A /* Sources */,
				105E19071B6A27C000A4255A /* Frameworks */,
				105E19081B6A27C000A4255A /* Resources */,
			);
			buildRules = (
			);
			dependencies = (
				105E190C1B6A27C000A4255A /* PBXTargetDependency */,
			);
			name = BACCDemoTests;
			productName = BACCDemoTests;
			productReference = 105E190A1B6A27C000A4255A /* BACCDemoTests.xctest */;
			productType = "com.apple.product-type.bundle.unit-test";
		};
/* End PBXNativeTarget section */

/* Begin PBXProject section */
		105E18EA1B6A27BF00A4255A /* Project object */ = {
			isa = PBXProject;
			attributes = {
				LastSwiftMigration = 0710;
				LastSwiftUpdateCheck = 0710;
				LastUpgradeCheck = 0710;
				ORGANIZATIONNAME = ShepherdsSoftware;
				TargetAttributes = {
					105E18F11B6A27BF00A4255A = {
						CreatedOnToolsVersion = 6.4;
						DevelopmentTeam = 8UE8DX57UU;
					};
					105E19091B6A27C000A4255A = {
						CreatedOnToolsVersion = 6.4;
						TestTargetID = 105E18F11B6A27BF00A4255A;
					};
				};
			};
			buildConfigurationList = 105E18ED1B6A27BF00A4255A /* Build configuration list for PBXProject "BACCDemo" */;
			compatibilityVersion = "Xcode 3.2";
			developmentRegion = English;
			hasScannedForEncodings = 0;
			knownRegions = (
				en,
				Base,
			);
			mainGroup = 105E18E91B6A27BF00A4255A;
			productRefGroup = 105E18F31B6A27BF00A4255A /* Products */;
			projectDirPath = "";
			projectRoot = "";
			targets = (
				105E18F11B6A27BF00A4255A /* BACCDemo */,
				105E19091B6A27C000A4255A /* BACCDemoTests */,
			);
		};
/* End PBXProject section */

/* Begin PBXResourcesBuildPhase section */
		105E18F01B6A27BF00A4255A /* Resources */ = {
			isa = PBXResourcesBuildPhase;
			buildActionMask = 2147483647;
			files = (
				105E19001B6A27BF00A4255A /* Main.storyboard in Resources */,
				105E19051B6A27BF00A4255A /* LaunchScreen.xib in Resources */,
				10F772481B7378EF00D7184F /* rider.png in Resources */,
				10F772491B7378EF00D7184F /* steering wheel.png in Resources */,
				105E19021B6A27BF00A4255A /* Images.xcassets in Resources */,
			);
			runOnlyForDeploymentPostprocessing = 0;
		};
		105E19081B6A27C000A4255A /* Resources */ = {
			isa = PBXResourcesBuildPhase;
			buildActionMask = 2147483647;
			files = (
			);
			runOnlyForDeploymentPostprocessing = 0;
		};
/* End PBXResourcesBuildPhase section */

/* Begin PBXSourcesBuildPhase section */
		105E18EE1B6A27BF00A4255A /* Sources */ = {
			isa = PBXSourcesBuildPhase;
			buildActionMask = 2147483647;
			files = (
				10F9A1E41BA3414300D9FF4B /* PickerViewController.swift in Sources */,
				10F2870A1B7B55F700C439CF /* LoginViewController.swift in Sources */,
				105E18FD1B6A27BF00A4255A /* ViewController.swift in Sources */,
				105E18F81B6A27BF00A4255A /* AppDelegate.swift in Sources */,
				10F9A1E21BA11F8F00D9FF4B /* RouteViewController.swift in Sources */,
				105E18FB1B6A27BF00A4255A /* BACCDemo.xcdatamodeld in Sources */,
			);
			runOnlyForDeploymentPostprocessing = 0;
		};
		105E19061B6A27C000A4255A /* Sources */ = {
			isa = PBXSourcesBuildPhase;
			buildActionMask = 2147483647;
			files = (
				105E19111B6A27C000A4255A /* BACCDemoTests.swift in Sources */,
			);
			runOnlyForDeploymentPostprocessing = 0;
		};
/* End PBXSourcesBuildPhase section */

/* Begin PBXTargetDependency section */
		105E190C1B6A27C000A4255A /* PBXTargetDependency */ = {
			isa = PBXTargetDependency;
			target = 105E18F11B6A27BF00A4255A /* BACCDemo */;
			targetProxy = 105E190B1B6A27C000A4255A /* PBXContainerItemProxy */;
		};
/* End PBXTargetDependency section */

/* Begin PBXVariantGroup section */
		105E18FE1B6A27BF00A4255A /* Main.storyboard */ = {
			isa = PBXVariantGroup;
			children = (
				105E18FF1B6A27BF00A4255A /* Base */,
			);
			name = Main.storyboard;
			sourceTree = "<group>";
		};
		105E19031B6A27BF00A4255A /* LaunchScreen.xib */ = {
			isa = PBXVariantGroup;
			children = (
				105E19041B6A27BF00A4255A /* Base */,
			);
			name = LaunchScreen.xib;
			sourceTree = "<group>";
		};
/* End PBXVariantGroup section */

/* Begin XCBuildConfiguration section */
		105E19121B6A27C000A4255A /* Debug */ = {
			isa = XCBuildConfiguration;
			buildSettings = {
				ALWAYS_SEARCH_USER_PATHS = NO;
				CLANG_CXX_LANGUAGE_STANDARD = "gnu++0x";
				CLANG_CXX_LIBRARY = "libc++";
				CLANG_ENABLE_MODULES = YES;
				CLANG_ENABLE_OBJC_ARC = YES;
				CLANG_WARN_BOOL_CONVERSION = YES;
				CLANG_WARN_CONSTANT_CONVERSION = YES;
				CLANG_WARN_DIRECT_OBJC_ISA_USAGE = YES_ERROR;
				CLANG_WARN_EMPTY_BODY = YES;
				CLANG_WARN_ENUM_CONVERSION = YES;
				CLANG_WARN_INT_CONVERSION = YES;
				CLANG_WARN_OBJC_ROOT_CLASS = YES_ERROR;
				CLANG_WARN_UNREACHABLE_CODE = YES;
				CLANG_WARN__DUPLICATE_METHOD_MATCH = YES;
				"CODE_SIGN_IDENTITY[sdk=iphoneos*]" = "iPhone Developer";
				COPY_PHASE_STRIP = NO;
				DEBUG_INFORMATION_FORMAT = "dwarf-with-dsym";
				ENABLE_STRICT_OBJC_MSGSEND = YES;
				ENABLE_TESTABILITY = YES;
				GCC_C_LANGUAGE_STANDARD = gnu99;
				GCC_DYNAMIC_NO_PIC = NO;
				GCC_NO_COMMON_BLOCKS = YES;
				GCC_OPTIMIZATION_LEVEL = 0;
				GCC_PREPROCESSOR_DEFINITIONS = (
					"DEBUG=1",
					"$(inherited)",
				);
				GCC_SYMBOLS_PRIVATE_EXTERN = NO;
				GCC_WARN_64_TO_32_BIT_CONVERSION = YES;
				GCC_WARN_ABOUT_RETURN_TYPE = YES_ERROR;
				GCC_WARN_UNDECLARED_SELECTOR = YES;
				GCC_WARN_UNINITIALIZED_AUTOS = YES_AGGRESSIVE;
				GCC_WARN_UNUSED_FUNCTION = YES;
				GCC_WARN_UNUSED_VARIABLE = YES;
				IPHONEOS_DEPLOYMENT_TARGET = 8.4;
				MTL_ENABLE_DEBUG_INFO = YES;
				ONLY_ACTIVE_ARCH = YES;
				SDKROOT = iphoneos;
				SWIFT_OPTIMIZATION_LEVEL = "-Onone";
			};
			name = Debug;
		};
		105E19131B6A27C000A4255A /* Release */ = {
			isa = XCBuildConfiguration;
			buildSettings = {
				ALWAYS_SEARCH_USER_PATHS = NO;
				CLANG_CXX_LANGUAGE_STANDARD = "gnu++0x";
				CLANG_CXX_LIBRARY = "libc++";
				CLANG_ENABLE_MODULES = YES;
				CLANG_ENABLE_OBJC_ARC = YES;
				CLANG_WARN_BOOL_CONVERSION = YES;
				CLANG_WARN_CONSTANT_CONVERSION = YES;
				CLANG_WARN_DIRECT_OBJC_ISA_USAGE = YES_ERROR;
				CLANG_WARN_EMPTY_BODY = YES;
				CLANG_WARN_ENUM_CONVERSION = YES;
				CLANG_WARN_INT_CONVERSION = YES;
				CLANG_WARN_OBJC_ROOT_CLASS = YES_ERROR;
				CLANG_WARN_UNREACHABLE_CODE = YES;
				CLANG_WARN__DUPLICATE_METHOD_MATCH = YES;
				"CODE_SIGN_IDENTITY[sdk=iphoneos*]" = "iPhone Developer";
				COPY_PHASE_STRIP = NO;
				DEBUG_INFORMATION_FORMAT = "dwarf-with-dsym";
				ENABLE_NS_ASSERTIONS = NO;
				ENABLE_STRICT_OBJC_MSGSEND = YES;
				GCC_C_LANGUAGE_STANDARD = gnu99;
				GCC_NO_COMMON_BLOCKS = YES;
				GCC_WARN_64_TO_32_BIT_CONVERSION = YES;
				GCC_WARN_ABOUT_RETURN_TYPE = YES_ERROR;
				GCC_WARN_UNDECLARED_SELECTOR = YES;
				GCC_WARN_UNINITIALIZED_AUTOS = YES_AGGRESSIVE;
				GCC_WARN_UNUSED_FUNCTION = YES;
				GCC_WARN_UNUSED_VARIABLE = YES;
				IPHONEOS_DEPLOYMENT_TARGET = 8.4;
				MTL_ENABLE_DEBUG_INFO = NO;
				SDKROOT = iphoneos;
				VALIDATE_PRODUCT = YES;
			};
			name = Release;
		};
		105E19151B6A27C000A4255A /* Debug */ = {
			isa = XCBuildConfiguration;
			buildSettings = {
				ASSETCATALOG_COMPILER_APPICON_NAME = AppIcon;
				CODE_SIGN_IDENTITY = "iPhone Developer";
				"CODE_SIGN_IDENTITY[sdk=iphoneos*]" = "iPhone Developer";
				FRAMEWORK_SEARCH_PATHS = (
					"$(inherited)",
					"$(PROJECT_DIR)",
				);
				INFOPLIST_FILE = BACCDemo/Info.plist;
				IPHONEOS_DEPLOYMENT_TARGET = 8.4;
				LD_RUNPATH_SEARCH_PATHS = "$(inherited) @executable_path/Frameworks";
				PRODUCT_BUNDLE_IDENTIFIER = "ShepherdsSoftware.$(PRODUCT_NAME:rfc1034identifier)";
				PRODUCT_NAME = "$(TARGET_NAME)";
				PROVISIONING_PROFILE = "";
			};
			name = Debug;
		};
		105E19161B6A27C000A4255A /* Release */ = {
			isa = XCBuildConfiguration;
			buildSettings = {
				ASSETCATALOG_COMPILER_APPICON_NAME = AppIcon;
				CODE_SIGN_IDENTITY = "iPhone Developer";
				"CODE_SIGN_IDENTITY[sdk=iphoneos*]" = "iPhone Developer";
				FRAMEWORK_SEARCH_PATHS = (
					"$(inherited)",
					"$(PROJECT_DIR)",
				);
				INFOPLIST_FILE = BACCDemo/Info.plist;
				IPHONEOS_DEPLOYMENT_TARGET = 8.4;
				LD_RUNPATH_SEARCH_PATHS = "$(inherited) @executable_path/Frameworks";
				PRODUCT_BUNDLE_IDENTIFIER = "ShepherdsSoftware.$(PRODUCT_NAME:rfc1034identifier)";
				PRODUCT_NAME = "$(TARGET_NAME)";
				PROVISIONING_PROFILE = "";
			};
			name = Release;
		};
		105E19181B6A27C000A4255A /* Debug */ = {
			isa = XCBuildConfiguration;
			buildSettings = {
				BUNDLE_LOADER = "$(TEST_HOST)";
				FRAMEWORK_SEARCH_PATHS = (
					"$(SDKROOT)/Developer/Library/Frameworks",
					"$(inherited)",
				);
				GCC_PREPROCESSOR_DEFINITIONS = (
					"DEBUG=1",
					"$(inherited)",
				);
				INFOPLIST_FILE = BACCDemoTests/Info.plist;
				LD_RUNPATH_SEARCH_PATHS = "$(inherited) @executable_path/Frameworks @loader_path/Frameworks";
				PRODUCT_BUNDLE_IDENTIFIER = "ShepherdsSoftware.$(PRODUCT_NAME:rfc1034identifier)";
				PRODUCT_NAME = "$(TARGET_NAME)";
				TEST_HOST = "$(BUILT_PRODUCTS_DIR)/BACCDemo.app/BACCDemo";
			};
			name = Debug;
		};
		105E19191B6A27C000A4255A /* Release */ = {
			isa = XCBuildConfiguration;
			buildSettings = {
				BUNDLE_LOADER = "$(TEST_HOST)";
				FRAMEWORK_SEARCH_PATHS = (
					"$(SDKROOT)/Developer/Library/Frameworks",
					"$(inherited)",
				);
				INFOPLIST_FILE = BACCDemoTests/Info.plist;
				LD_RUNPATH_SEARCH_PATHS = "$(inherited) @executable_path/Frameworks @loader_path/Frameworks";
				PRODUCT_BUNDLE_IDENTIFIER = "ShepherdsSoftware.$(PRODUCT_NAME:rfc1034identifier)";
				PRODUCT_NAME = "$(TARGET_NAME)";
				TEST_HOST = "$(BUILT_PRODUCTS_DIR)/BACCDemo.app/BACCDemo";
			};
			name = Release;
		};
/* End XCBuildConfiguration section */

/* Begin XCConfigurationList section */
		105E18ED1B6A27BF00A4255A /* Build configuration list for PBXProject "BACCDemo" */ = {
			isa = XCConfigurationList;
			buildConfigurations = (
				105E19121B6A27C000A4255A /* Debug */,
				105E19131B6A27C000A4255A /* Release */,
			);
			defaultConfigurationIsVisible = 0;
			defaultConfigurationName = Release;
		};
		105E19141B6A27C000A4255A /* Build configuration list for PBXNativeTarget "BACCDemo" */ = {
			isa = XCConfigurationList;
			buildConfigurations = (
				105E19151B6A27C000A4255A /* Debug */,
				105E19161B6A27C000A4255A /* Release */,
			);
			defaultConfigurationIsVisible = 0;
			defaultConfigurationName = Release;
		};
		105E19171B6A27C000A4255A /* Build configuration list for PBXNativeTarget "BACCDemoTests" */ = {
			isa = XCConfigurationList;
			buildConfigurations = (
				105E19181B6A27C000A4255A /* Debug */,
				105E19191B6A27C000A4255A /* Release */,
			);
			defaultConfigurationIsVisible = 0;
			defaultConfigurationName = Release;
		};
/* End XCConfigurationList section */

/* Begin XCVersionGroup section */
		105E18F91B6A27BF00A4255A /* BACCDemo.xcdatamodeld */ = {
			isa = XCVersionGroup;
			children = (
				105E18FA1B6A27BF00A4255A /* BACCDemo.xcdatamodel */,
			);
			currentVersion = 105E18FA1B6A27BF00A4255A /* BACCDemo.xcdatamodel */;
			path = BACCDemo.xcdatamodeld;
			sourceTree = "<group>";
			versionGroupType = wrapper.xcdatamodel;
		};
/* End XCVersionGroup section */
	};
	rootObject = 105E18EA1B6A27BF00A4255A /* Project object */;
}
